{
  "originHash" : "c55c4e64f87c66e793555666a393b642a264efe06f57d7ded6336f4471cfbc30",
  "pins" : [
    {
      "identity" : "swiftui-shimmer",
      "kind" : "remoteSourceControl",
      "location" : "https://github.com/markiv/SwiftUI-Shimmer",
      "state" : {
        "revision" : "0226e21f9bf355d40e07e5f5e1c33679d50e167f",
        "version" : "1.5.1"
      }
    },
    {
      "identity" : "toastifyswift",
      "kind" : "remoteSourceControl",
      "location" : "https://github.com/RJIOSDEV/ToastifySwift",
      "state" : {
        "revision" : "b3e3dd7783d6c2e3887a7a1d37bf5aa2a1a4694f",
        "version" : "1.0.3"
      }
    }
  ],
  "version" : 3
}
